// !$*UTF8*$!
{
	archiveVersion = 1;
	classes = {
	};
	objectVersion = 50;
	objects = {

/* Begin PBXBuildFile section */
		4613790924CE6473005A2A35 /* AppDelegate.swift in Sources */ = {isa = PBXBuildFile; fileRef = 4613790824CE6473005A2A35 /* AppDelegate.swift */; };
		4613790B24CE6473005A2A35 /* SceneDelegate.swift in Sources */ = {isa = PBXBuildFile; fileRef = 4613790A24CE6473005A2A35 /* SceneDelegate.swift */; };
		4613790D24CE6473005A2A35 /* ViewController.swift in Sources */ = {isa = PBXBuildFile; fileRef = 4613790C24CE6473005A2A35 /* ViewController.swift */; };
		4613791024CE6473005A2A35 /* Main.storyboard in Resources */ = {isa = PBXBuildFile; fileRef = 4613790E24CE6473005A2A35 /* Main.storyboard */; };
		4613791324CE6473005A2A35 /* Hadits.xcdatamodeld in Sources */ = {isa = PBXBuildFile; fileRef = 4613791124CE6473005A2A35 /* Hadits.xcdatamodeld */; };
		4613791524CE6473005A2A35 /* Assets.xcassets in Resources */ = {isa = PBXBuildFile; fileRef = 4613791424CE6473005A2A35 /* Assets.xcassets */; };
		4613791824CE6474005A2A35 /* LaunchScreen.storyboard in Resources */ = {isa = PBXBuildFile; fileRef = 4613791624CE6474005A2A35 /* LaunchScreen.storyboard */; };
/* End PBXBuildFile section */

/* Begin PBXFileReference section */
		4613790524CE6473005A2A35 /* Hadits.app */ = {isa = PBXFileReference; explicitFileType = wrapper.application; includeInIndex = 0; path = Hadits.app; sourceTree = BUILT_PRODUCTS_DIR; };
		4613790824CE6473005A2A35 /* AppDelegate.swift */ = {isa = PBXFileReference; lastKnownFileType = sourcecode.swift; path = AppDelegate.swift; sourceTree = "<group>"; };
		4613790A24CE6473005A2A35 /* SceneDelegate.swift */ = {isa = PBXFileReference; lastKnownFileType = sourcecode.swift; path = SceneDelegate.swift; sourceTree = "<group>"; };
		4613790C24CE6473005A2A35 /* ViewController.swift */ = {isa = PBXFileReference; lastKnownFileType = sourcecode.swift; path = ViewController.swift; sourceTree = "<group>"; };
		4613790F24CE6473005A2A35 /* Base */ = {isa = PBXFileReference; lastKnownFileType = file.storyboard; name = Base; path = Base.lproj/Main.storyboard; sourceTree = "<group>"; };
		4613791224CE6473005A2A35 /* Hadits.xcdatamodel */ = {isa = PBXFileReference; lastKnownFileType = wrapper.xcdatamodel; path = Hadits.xcdatamodel; sourceTree = "<group>"; };
		4613791424CE6473005A2A35 /* Assets.xcassets */ = {isa = PBXFileReference; lastKnownFileType = folder.assetcatalog; path = Assets.xcassets; sourceTree = "<group>"; };
		4613791724CE6474005A2A35 /* Base */ = {isa = PBXFileReference; lastKnownFileType = file.storyboard; name = Base; path = Base.lproj/LaunchScreen.storyboard; sourceTree = "<group>"; };
		4613791924CE6474005A2A35 /* Info.plist */ = {isa = PBXFileReference; lastKnownFileType = text.plist.xml; path = Info.plist; sourceTree = "<group>"; };
/* End PBXFileReference section */

/* Begin PBXFrameworksBuildPhase section */
		4613790224CE6473005A2A35 /* Frameworks */ = {
			isa = PBXFrameworksBuildPhase;
			buildActionMask = 2147483647;
			files = (
			);
			runOnlyForDeploymentPostprocessing = 0;
		};
/* End PBXFrameworksBuildPhase section */

/* Begin PBXGroup section */
		461378FC24CE6473005A2A35 = {
			isa = PBXGroup;
			children = (
				4613790724CE6473005A2A35 /* Hadits */,
				4613790624CE6473005A2A35 /* Products */,
			);
			sourceTree = "<group>";
		};
		4613790624CE6473005A2A35 /* Products */ = {
			isa = PBXGroup;
			children = (
				4613790524CE6473005A2A35 /* Hadits.app */,
			);
			name = Products;
			sourceTree = "<group>";
		};
		4613790724CE6473005A2A35 /* Hadits */ = {
			isa = PBXGroup;
			children = (
				4613790824CE6473005A2A35 /* AppDelegate.swift */,
				4613790A24CE6473005A2A35 /* SceneDelegate.swift */,
				4613790C24CE6473005A2A35 /* ViewController.swift */,
				4613790E24CE6473005A2A35 /* Main.storyboard */,
				4613791424CE6473005A2A35 /* Assets.xcassets */,
				4613791624CE6474005A2A35 /* LaunchScreen.storyboard */,
				4613791924CE6474005A2A35 /* Info.plist */,
				4613791124CE6473005A2A35 /* Hadits.xcdatamodeld */,
			);
			path = Hadits;
			sourceTree = "<group>";
		};
/* End PBXGroup section */

/* Begin PBXNativeTarget section */
		4613790424CE6473005A2A35 /* Hadits */ = {
			isa = PBXNativeTarget;
			buildConfigurationList = 4613791C24CE6474005A2A35 /* Build configuration list for PBXNativeTarget "Hadits" */;
			buildPhases = (
				4613790124CE6473005A2A35 /* Sources */,
				4613790224CE6473005A2A35 /* Frameworks */,
				4613790324CE6473005A2A35 /* Resources */,
			);
			buildRules = (
			);
			dependencies = (
			);
			name = Hadits;
			productName = Hadits;
			productReference = 4613790524CE6473005A2A35 /* Hadits.app */;
			productType = "com.apple.product-type.application";
		};
/* End PBXNativeTarget section */

/* Begin PBXProject section */
		461378FD24CE6473005A2A35 /* Project object */ = {
			isa = PBXProject;
			attributes = {
				LastSwiftUpdateCheck = 1130;
				LastUpgradeCheck = 1130;
				ORGANIZATIONNAME = "MSI-H81-E33";
				TargetAttributes = {
					4613790424CE6473005A2A35 = {
						CreatedOnToolsVersion = 11.3.1;
					};
				};
			};
			buildConfigurationList = 4613790024CE6473005A2A35 /* Build configuration list for PBXProject "Hadits" */;
			compatibilityVersion = "Xcode 9.3";
			developmentRegion = en;
			hasScannedForEncodings = 0;
			knownRegions = (
				en,
				Base,
			);
			mainGroup = 461378FC24CE6473005A2A35;
			productRefGroup = 4613790624CE6473005A2A35 /* Products */;
			projectDirPath = "";
			projectRoot = "";
			targets = (
				4613790424CE6473005A2A35 /* Hadits */,
			);
		};
/* End PBXProject section */

/* Begin PBXResourcesBuildPhase section */
		4613790324CE6473005A2A35 /* Resources */ = {
			isa = PBXResourcesBuildPhase;
			buildActionMask = 2147483647;
			files = (
				4613791824CE6474005A2A35 /* LaunchScreen.storyboard in Resources */,
				4613791524CE6473005A2A35 /* Assets.xcassets in Resources */,
				4613791024CE6473005A2A35 /* Main.storyboard in Resources */,
			);
			runOnlyForDeploymentPostprocessing = 0;
		};
/* End PBXResourcesBuildPhase section */

/* Begin PBXSourcesBuildPhase section */
		4613790124CE6473005A2A35 /* Sources */ = {
			isa = PBXSourcesBuildPhase;
			buildActionMask = 2147483647;
			files = (
				4613791324CE6473005A2A35 /* Hadits.xcdatamodeld in Sources */,
				4613790D24CE6473005A2A35 /* ViewController.swift in Sources */,
				4613790924CE6473005A2A35 /* AppDelegate.swift in Sources */,
				4613790B24CE6473005A2A35 /* SceneDelegate.swift in Sources */,
			);
			runOnlyForDeploymentPostprocessing = 0;
		};
/* End PBXSourcesBuildPhase section */

/* Begin PBXVariantGroup section */
		4613790E24CE6473005A2A35 /* Main.storyboard */ = {
			isa = PBXVariantGroup;
			children = (
				4613790F24CE6473005A2A35 /* Base */,
			);
			name = Main.storyboard;
			sourceTree = "<group>";
		};
		4613791624CE6474005A2A35 /* LaunchScreen.storyboard */ = {
			isa = PBXVariantGroup;
			children = (
				4613791724CE6474005A2A35 /* Base */,
			);
			name = LaunchScreen.storyboard;
			sourceTree = "<group>";
		};
/* End PBXVariantGroup section */

/* Begin XCBuildConfiguration section */
		4613791A24CE6474005A2A35 /* Debug */ = {
			isa = XCBuildConfiguration;
			buildSettings = {
				ALWAYS_SEARCH_USER_PATHS = NO;
				CLANG_ANALYZER_NONNULL = YES;
				CLANG_ANALYZER_NUMBER_OBJECT_CONVERSION = YES_AGGRESSIVE;
				CLANG_CXX_LANGUAGE_STANDARD = "gnu++14";
				CLANG_CXX_LIBRARY = "libc++";
				CLANG_ENABLE_MODULES = YES;
				CLANG_ENABLE_OBJC_ARC = YES;
				CLANG_ENABLE_OBJC_WEAK = YES;
				CLANG_WARN_BLOCK_CAPTURE_AUTORELEASING = YES;
				CLANG_WARN_BOOL_CONVERSION = YES;
				CLANG_WARN_COMMA = YES;
				CLANG_WARN_CONSTANT_CONVERSION = YES;
				CLANG_WARN_DEPRECATED_OBJC_IMPLEMENTATIONS = YES;
				CLANG_WARN_DIRECT_OBJC_ISA_USAGE = YES_ERROR;
				CLANG_WARN_DOCUMENTATION_COMMENTS = YES;
				CLANG_WARN_EMPTY_BODY = YES;
				CLANG_WARN_ENUM_CONVERSION = YES;
				CLANG_WARN_INFINITE_RECURSION = YES;
				CLANG_WARN_INT_CONVERSION = YES;
				CLANG_WARN_NON_LITERAL_NULL_CONVERSION = YES;
				CLANG_WARN_OBJC_IMPLICIT_RETAIN_SELF = YES;
				CLANG_WARN_OBJC_LITERAL_CONVERSION = YES;
				CLANG_WARN_OBJC_ROOT_CLASS = YES_ERROR;
				CLANG_WARN_RANGE_LOOP_ANALYSIS = YES;
				CLANG_WARN_STRICT_PROTOTYPES = YES;
				CLANG_WARN_SUSPICIOUS_MOVE = YES;
				CLANG_WARN_UNGUARDED_AVAILABILITY = YES_AGGRESSIVE;
				CLANG_WARN_UNREACHABLE_CODE = YES;
				CLANG_WARN__DUPLICATE_METHOD_MATCH = YES;
				COPY_PHASE_STRIP = NO;
				DEBUG_INFORMATION_FORMAT = dwarf;
				ENABLE_STRICT_OBJC_MSGSEND = YES;
				ENABLE_TESTABILITY = YES;
				GCC_C_LANGUAGE_STANDARD = gnu11;
				GCC_DYNAMIC_NO_PIC = NO;
				GCC_NO_COMMON_BLOCKS = YES;
				GCC_OPTIMIZATION_LEVEL = 0;
				GCC_PREPROCESSOR_DEFINITIONS = (
					"DEBUG=1",
					"$(inherited)",
				);
				GCC_WARN_64_TO_32_BIT_CONVERSION = YES;
				GCC_WARN_ABOUT_RETURN_TYPE = YES_ERROR;
				GCC_WARN_UNDECLARED_SELECTOR = YES;
				GCC_WARN_UNINITIALIZED_AUTOS = YES_AGGRESSIVE;
				GCC_WARN_UNUSED_FUNCTION = YES;
				GCC_WARN_UNUSED_VARIABLE = YES;
				IPHONEOS_DEPLOYMENT_TARGET = 13.2;
				MTL_ENABLE_DEBUG_INFO = INCLUDE_SOURCE;
				MTL_FAST_MATH = YES;
				ONLY_ACTIVE_ARCH = YES;
				SDKROOT = iphoneos;
				SWIFT_ACTIVE_COMPILATION_CONDITIONS = DEBUG;
				SWIFT_OPTIMIZATION_LEVEL = "-Onone";
			};
			name = Debug;
		};
		4613791B24CE6474005A2A35 /* Release */ = {
			isa = XCBuildConfiguration;
			buildSettings = {
				ALWAYS_SEARCH_USER_PATHS = NO;
				CLANG_ANALYZER_NONNULL = YES;
				CLANG_ANALYZER_NUMBER_OBJECT_CONVERSION = YES_AGGRESSIVE;
				CLANG_CXX_LANGUAGE_STANDARD = "gnu++14";
				CLANG_CXX_LIBRARY = "libc++";
				CLANG_ENABLE_MODULES = YES;
				CLANG_ENABLE_OBJC_ARC = YES;
				CLANG_ENABLE_OBJC_WEAK = YES;
				CLANG_WARN_BLOCK_CAPTURE_AUTORELEASING = YES;
				CLANG_WARN_BOOL_CONVERSION = YES;
				CLANG_WARN_COMMA = YES;
				CLANG_WARN_CONSTANT_CONVERSION = YES;
				CLANG_WARN_DEPRECATED_OBJC_IMPLEMENTATIONS = YES;
				CLANG_WARN_DIRECT_OBJC_ISA_USAGE = YES_ERROR;
				CLANG_WARN_DOCUMENTATION_COMMENTS = YES;
				CLANG_WARN_EMPTY_BODY = YES;
				CLANG_WARN_ENUM_CONVERSION = YES;
				CLANG_WARN_INFINITE_RECURSION = YES;
				CLANG_WARN_INT_CONVERSION = YES;
				CLANG_WARN_NON_LITERAL_NULL_CONVERSION = YES;
				CLANG_WARN_OBJC_IMPLICIT_RETAIN_SELF = YES;
				CLANG_WARN_OBJC_LITERAL_CONVERSION = YES;
				CLANG_WARN_OBJC_ROOT_CLASS = YES_ERROR;
				CLANG_WARN_RANGE_LOOP_ANALYSIS = YES;
				CLANG_WARN_STRICT_PROTOTYPES = YES;
				CLANG_WARN_SUSPICIOUS_MOVE = YES;
				CLANG_WARN_UNGUARDED_AVAILABILITY = YES_AGGRESSIVE;
				CLANG_WARN_UNREACHABLE_CODE = YES;
				CLANG_WARN__DUPLICATE_METHOD_MATCH = YES;
				COPY_PHASE_STRIP = NO;
				DEBUG_INFORMATION_FORMAT = "dwarf-with-dsym";
				ENABLE_NS_ASSERTIONS = NO;
				ENABLE_STRICT_OBJC_MSGSEND = YES;
				GCC_C_LANGUAGE_STANDARD = gnu11;
				GCC_NO_COMMON_BLOCKS = YES;
				GCC_WARN_64_TO_32_BIT_CONVERSION = YES;
				GCC_WARN_ABOUT_RETURN_TYPE = YES_ERROR;
				GCC_WARN_UNDECLARED_SELECTOR = YES;
				GCC_WARN_UNINITIALIZED_AUTOS = YES_AGGRESSIVE;
				GCC_WARN_UNUSED_FUNCTION = YES;
				GCC_WARN_UNUSED_VARIABLE = YES;
				IPHONEOS_DEPLOYMENT_TARGET = 13.2;
				MTL_ENABLE_DEBUG_INFO = NO;
				MTL_FAST_MATH = YES;
				SDKROOT = iphoneos;
				SWIFT_COMPILATION_MODE = wholemodule;
				SWIFT_OPTIMIZATION_LEVEL = "-O";
				VALIDATE_PRODUCT = YES;
			};
			name = Release;
		};
		4613791D24CE6474005A2A35 /* Debug */ = {
			isa = XCBuildConfiguration;
			buildSettings = {
				ASSETCATALOG_COMPILER_APPICON_NAME = AppIcon;
				CODE_SIGN_STYLE = Automatic;
				INFOPLIST_FILE = Hadits/Info.plist;
				LD_RUNPATH_SEARCH_PATHS = (
					"$(inherited)",
					"@executable_path/Frameworks",
				);
				PRODUCT_BUNDLE_IDENTIFIER = "com.Bin-Hadi.Hadits";
				PRODUCT_NAME = "$(TARGET_NAME)";
				SWIFT_VERSION = 5.0;
				TARGETED_DEVICE_FAMILY = "1,2";
			};
			name = Debug;
		};
		4613791E24CE6474005A2A35 /* Release */ = {
			isa = XCBuildConfiguration;
			buildSettings = {
				ASSETCATALOG_COMPILER_APPICON_NAME = AppIcon;
				CODE_SIGN_STYLE = Automatic;
				INFOPLIST_FILE = Hadits/Info.plist;
				LD_RUNPATH_SEARCH_PATHS = (
					"$(inherited)",
					"@executable_path/Frameworks",
				);
				PRODUCT_BUNDLE_IDENTIFIER = "com.Bin-Hadi.Hadits";
				PRODUCT_NAME = "$(TARGET_NAME)";
				SWIFT_VERSION = 5.0;
				TARGETED_DEVICE_FAMILY = "1,2";
			};
			name = Release;
		};
/* End XCBuildConfiguration section */

/* Begin XCConfigurationList section */
		4613790024CE6473005A2A35 /* Build configuration list for PBXProject "Hadits" */ = {
			isa = XCConfigurationList;
			buildConfigurations = (
				4613791A24CE6474005A2A35 /* Debug */,
				4613791B24CE6474005A2A35 /* Release */,
			);
			defaultConfigurationIsVisible = 0;
			defaultConfigurationName = Release;
		};
		4613791C24CE6474005A2A35 /* Build configuration list for PBXNativeTarget "Hadits" */ = {
			isa = XCConfigurationList;
			buildConfigurations = (
				4613791D24CE6474005A2A35 /* Debug */,
				4613791E24CE6474005A2A35 /* Release */,
			);
			defaultConfigurationIsVisible = 0;
			defaultConfigurationName = Release;
		};
/* End XCConfigurationList section */

/* Begin XCVersionGroup section */
		4613791124CE6473005A2A35 /* Hadits.xcdatamodeld */ = {
			isa = XCVersionGroup;
			children = (
				4613791224CE6473005A2A35 /* Hadits.xcdatamodel */,
			);
			currentVersion = 4613791224CE6473005A2A35 /* Hadits.xcdatamodel */;
			path = Hadits.xcdatamodeld;
			sourceTree = "<group>";
			versionGroupType = wrapper.xcdatamodel;
		};
/* End XCVersionGroup section */
	};
	rootObject = 461378FD24CE6473005A2A35 /* Project object */;
}
